// !$*UTF8*$!
{
	archiveVersion = 1;
	classes = {
	};
	objectVersion = 46;
	objects = {

/* Begin PBXBuildFile section */
		5BD96DD50825AC14DAC3C231 /* Pods_FireListerUITests.framework in Frameworks */ = {isa = PBXBuildFile; fileRef = CE3467DF493D5D86D3A261F8 /* Pods_FireListerUITests.framework */; };
		7D2C95E61DAFF2E100656843 /* ListsCollectionViewController.swift in Sources */ = {isa = PBXBuildFile; fileRef = 7D2C95E51DAFF2E100656843 /* ListsCollectionViewController.swift */; };
		7D2C95E81DAFF67F00656843 /* ListCollectionViewCell.swift in Sources */ = {isa = PBXBuildFile; fileRef = 7D2C95E71DAFF67F00656843 /* ListCollectionViewCell.swift */; };
		7D34962F1DA97A360065DC45 /* AppDelegate.swift in Sources */ = {isa = PBXBuildFile; fileRef = 7D34962E1DA97A360065DC45 /* AppDelegate.swift */; };
		7D3496311DA97A360065DC45 /* ListTableViewController.swift in Sources */ = {isa = PBXBuildFile; fileRef = 7D3496301DA97A360065DC45 /* ListTableViewController.swift */; };
		7D3496361DA97A360065DC45 /* Main.storyboard in Resources */ = {isa = PBXBuildFile; fileRef = 7D3496341DA97A360065DC45 /* Main.storyboard */; };
		7D3496381DA97A360065DC45 /* Assets.xcassets in Resources */ = {isa = PBXBuildFile; fileRef = 7D3496371DA97A360065DC45 /* Assets.xcassets */; };
		7D34963B1DA97A360065DC45 /* LaunchScreen.storyboard in Resources */ = {isa = PBXBuildFile; fileRef = 7D3496391DA97A360065DC45 /* LaunchScreen.storyboard */; };
		7D3496461DA97A360065DC45 /* FireListerTests.swift in Sources */ = {isa = PBXBuildFile; fileRef = 7D3496451DA97A360065DC45 /* FireListerTests.swift */; };
		7D3496511DA97A360065DC45 /* FireListerUITests.swift in Sources */ = {isa = PBXBuildFile; fileRef = 7D3496501DA97A360065DC45 /* FireListerUITests.swift */; };
		7D34965F1DA983990065DC45 /* SignInTableViewController.swift in Sources */ = {isa = PBXBuildFile; fileRef = 7D34965E1DA983990065DC45 /* SignInTableViewController.swift */; };
		7D3496611DA9A1BC0065DC45 /* GoogleService-Info.plist in Resources */ = {isa = PBXBuildFile; fileRef = 7D3496601DA9A1BC0065DC45 /* GoogleService-Info.plist */; };
		7D58F2CC1DB06D0E004AD9E1 /* ColorCircleView.swift in Sources */ = {isa = PBXBuildFile; fileRef = 7D58F2CB1DB06D0E004AD9E1 /* ColorCircleView.swift */; };
		7D58F2CE1DB07B44004AD9E1 /* CreateListTableViewController.swift in Sources */ = {isa = PBXBuildFile; fileRef = 7D58F2CD1DB07B44004AD9E1 /* CreateListTableViewController.swift */; };
		7D58F2D01DB07F9A004AD9E1 /* ColorCircleCollectionViewCell.swift in Sources */ = {isa = PBXBuildFile; fileRef = 7D58F2CF1DB07F9A004AD9E1 /* ColorCircleCollectionViewCell.swift */; };
		7D5B42601DDBC143007D57DC /* Array+InsertionIndex.swift in Sources */ = {isa = PBXBuildFile; fileRef = 7D5B42591DDBC143007D57DC /* Array+InsertionIndex.swift */; };
		7D5B42611DDBC143007D57DC /* FirebaseArray.swift in Sources */ = {isa = PBXBuildFile; fileRef = 7D5B425A1DDBC143007D57DC /* FirebaseArray.swift */; };
		7D5B42621DDBC143007D57DC /* FirebaseArrayDelegate.swift in Sources */ = {isa = PBXBuildFile; fileRef = 7D5B425B1DDBC143007D57DC /* FirebaseArrayDelegate.swift */; };
		7D5B42631DDBC143007D57DC /* FirebaseDataSource.swift in Sources */ = {isa = PBXBuildFile; fileRef = 7D5B425C1DDBC143007D57DC /* FirebaseDataSource.swift */; };
		7D5B42641DDBC143007D57DC /* FirebaseModel.swift in Sources */ = {isa = PBXBuildFile; fileRef = 7D5B425D1DDBC143007D57DC /* FirebaseModel.swift */; };
		7D5B42651DDBC143007D57DC /* FirebaseTableViewDataSource.swift in Sources */ = {isa = PBXBuildFile; fileRef = 7D5B425E1DDBC143007D57DC /* FirebaseTableViewDataSource.swift */; };
		7D5B42661DDBC143007D57DC /* SnapshotModel.swift in Sources */ = {isa = PBXBuildFile; fileRef = 7D5B425F1DDBC143007D57DC /* SnapshotModel.swift */; };
		7D5B42681DDBC235007D57DC /* PaginatedFirebaseArray.swift in Sources */ = {isa = PBXBuildFile; fileRef = 7D5B42671DDBC235007D57DC /* PaginatedFirebaseArray.swift */; };
		7D5DDE631DDCEC6A00D41CC9 /* FirebaseCollectionViewDataSource.swift in Sources */ = {isa = PBXBuildFile; fileRef = 7D5DDE621DDCEC6A00D41CC9 /* FirebaseCollectionViewDataSource.swift */; };
		7D802E271DDE512000C3C937 /* PaginatedFirebaseTableViewDataSource.swift in Sources */ = {isa = PBXBuildFile; fileRef = 7D802E261DDE512000C3C937 /* PaginatedFirebaseTableViewDataSource.swift */; };
		7DCCF80B1DAAD9BB00183EA6 /* Reminder.swift in Sources */ = {isa = PBXBuildFile; fileRef = 7DCCF80A1DAAD9BB00183EA6 /* Reminder.swift */; };
		7DCCF8101DAAE34B00183EA6 /* ReminderTableViewCell.swift in Sources */ = {isa = PBXBuildFile; fileRef = 7DCCF80F1DAAE34B00183EA6 /* ReminderTableViewCell.swift */; };
		7DCCF8121DAAE35500183EA6 /* AddReminderTableViewCell.swift in Sources */ = {isa = PBXBuildFile; fileRef = 7DCCF8111DAAE35500183EA6 /* AddReminderTableViewCell.swift */; };
		7DCCF8141DAB1D2E00183EA6 /* ReminderCellTextField.swift in Sources */ = {isa = PBXBuildFile; fileRef = 7DCCF8131DAB1D2E00183EA6 /* ReminderCellTextField.swift */; };
		7DCCF8161DAC60CC00183EA6 /* ReminderDetailTableViewController.swift in Sources */ = {isa = PBXBuildFile; fileRef = 7DCCF8151DAC60CC00183EA6 /* ReminderDetailTableViewController.swift */; };
		7DCCF81A1DAC922700183EA6 /* TriggerAlarmTableViewCell.swift in Sources */ = {isa = PBXBuildFile; fileRef = 7DCCF8191DAC922700183EA6 /* TriggerAlarmTableViewCell.swift */; };
		7DCCF81C1DAC939F00183EA6 /* TextFieldTableViewCell.swift in Sources */ = {isa = PBXBuildFile; fileRef = 7DCCF81B1DAC939F00183EA6 /* TextFieldTableViewCell.swift */; };
		7DCCF81E1DAC98FC00183EA6 /* RepeatTableViewController.swift in Sources */ = {isa = PBXBuildFile; fileRef = 7DCCF81D1DAC98FC00183EA6 /* RepeatTableViewController.swift */; };
		7DCCF8211DACA25D00183EA6 /* SetRepeatDelegate.swift in Sources */ = {isa = PBXBuildFile; fileRef = 7DCCF8201DACA25D00183EA6 /* SetRepeatDelegate.swift */; };
		7DED93021DAFE8B000467615 /* User.swift in Sources */ = {isa = PBXBuildFile; fileRef = 7DED93011DAFE8B000467615 /* User.swift */; };
		7DED93041DAFE91300467615 /* List.swift in Sources */ = {isa = PBXBuildFile; fileRef = 7DED93031DAFE91300467615 /* List.swift */; };
		BEA85C70D29568B273BA6770 /* Pods_FireLister.framework in Frameworks */ = {isa = PBXBuildFile; fileRef = F76BBFE70A464963486F4EC1 /* Pods_FireLister.framework */; };
		D0B5B7AA321B7F58D4B434CA /* Pods_FireListerTests.framework in Frameworks */ = {isa = PBXBuildFile; fileRef = 813535473D17C8DC28D25FE0 /* Pods_FireListerTests.framework */; };
/* End PBXBuildFile section */

/* Begin PBXContainerItemProxy section */
		7D3496421DA97A360065DC45 /* PBXContainerItemProxy */ = {
			isa = PBXContainerItemProxy;
			containerPortal = 7D3496231DA97A360065DC45 /* Project object */;
			proxyType = 1;
			remoteGlobalIDString = 7D34962A1DA97A360065DC45;
			remoteInfo = FireLister;
		};
		7D34964D1DA97A360065DC45 /* PBXContainerItemProxy */ = {
			isa = PBXContainerItemProxy;
			containerPortal = 7D3496231DA97A360065DC45 /* Project object */;
			proxyType = 1;
			remoteGlobalIDString = 7D34962A1DA97A360065DC45;
			remoteInfo = FireLister;
		};
/* End PBXContainerItemProxy section */

/* Begin PBXFileReference section */
		2821B34C9209CCEC6DBE633C /* Pods-FireLister.release.xcconfig */ = {isa = PBXFileReference; includeInIndex = 1; lastKnownFileType = text.xcconfig; name = "Pods-FireLister.release.xcconfig"; path = "Pods/Target Support Files/Pods-FireLister/Pods-FireLister.release.xcconfig"; sourceTree = "<group>"; };
		3576CDB58E336584643E7DA9 /* Pods-FireListerTests.release.xcconfig */ = {isa = PBXFileReference; includeInIndex = 1; lastKnownFileType = text.xcconfig; name = "Pods-FireListerTests.release.xcconfig"; path = "Pods/Target Support Files/Pods-FireListerTests/Pods-FireListerTests.release.xcconfig"; sourceTree = "<group>"; };
		7D2BF4001DCA39BC00359FA8 /* FirebaseDatabaseUI.framework */ = {isa = PBXFileReference; lastKnownFileType = wrapper.framework; name = FirebaseDatabaseUI.framework; path = "Pods/../build/Debug-iphoneos/FirebaseDatabaseUI.framework"; sourceTree = "<group>"; };
		7D2C95E51DAFF2E100656843 /* ListsCollectionViewController.swift */ = {isa = PBXFileReference; fileEncoding = 4; lastKnownFileType = sourcecode.swift; path = ListsCollectionViewController.swift; sourceTree = "<group>"; };
		7D2C95E71DAFF67F00656843 /* ListCollectionViewCell.swift */ = {isa = PBXFileReference; fileEncoding = 4; lastKnownFileType = sourcecode.swift; path = ListCollectionViewCell.swift; sourceTree = "<group>"; };
		7D34962B1DA97A360065DC45 /* FireLister.app */ = {isa = PBXFileReference; explicitFileType = wrapper.application; includeInIndex = 0; path = FireLister.app; sourceTree = BUILT_PRODUCTS_DIR; };
		7D34962E1DA97A360065DC45 /* AppDelegate.swift */ = {isa = PBXFileReference; lastKnownFileType = sourcecode.swift; path = AppDelegate.swift; sourceTree = "<group>"; };
		7D3496301DA97A360065DC45 /* ListTableViewController.swift */ = {isa = PBXFileReference; lastKnownFileType = sourcecode.swift; path = ListTableViewController.swift; sourceTree = "<group>"; };
		7D3496351DA97A360065DC45 /* Base */ = {isa = PBXFileReference; lastKnownFileType = file.storyboard; name = Base; path = Base.lproj/Main.storyboard; sourceTree = "<group>"; };
		7D3496371DA97A360065DC45 /* Assets.xcassets */ = {isa = PBXFileReference; lastKnownFileType = folder.assetcatalog; path = Assets.xcassets; sourceTree = "<group>"; };
		7D34963A1DA97A360065DC45 /* Base */ = {isa = PBXFileReference; lastKnownFileType = file.storyboard; name = Base; path = Base.lproj/LaunchScreen.storyboard; sourceTree = "<group>"; };
		7D34963C1DA97A360065DC45 /* Info.plist */ = {isa = PBXFileReference; lastKnownFileType = text.plist.xml; path = Info.plist; sourceTree = "<group>"; };
		7D3496411DA97A360065DC45 /* FireListerTests.xctest */ = {isa = PBXFileReference; explicitFileType = wrapper.cfbundle; includeInIndex = 0; path = FireListerTests.xctest; sourceTree = BUILT_PRODUCTS_DIR; };
		7D3496451DA97A360065DC45 /* FireListerTests.swift */ = {isa = PBXFileReference; lastKnownFileType = sourcecode.swift; path = FireListerTests.swift; sourceTree = "<group>"; };
		7D3496471DA97A360065DC45 /* Info.plist */ = {isa = PBXFileReference; lastKnownFileType = text.plist.xml; path = Info.plist; sourceTree = "<group>"; };
		7D34964C1DA97A360065DC45 /* FireListerUITests.xctest */ = {isa = PBXFileReference; explicitFileType = wrapper.cfbundle; includeInIndex = 0; path = FireListerUITests.xctest; sourceTree = BUILT_PRODUCTS_DIR; };
		7D3496501DA97A360065DC45 /* FireListerUITests.swift */ = {isa = PBXFileReference; lastKnownFileType = sourcecode.swift; path = FireListerUITests.swift; sourceTree = "<group>"; };
		7D3496521DA97A360065DC45 /* Info.plist */ = {isa = PBXFileReference; lastKnownFileType = text.plist.xml; path = Info.plist; sourceTree = "<group>"; };
		7D34965E1DA983990065DC45 /* SignInTableViewController.swift */ = {isa = PBXFileReference; fileEncoding = 4; lastKnownFileType = sourcecode.swift; path = SignInTableViewController.swift; sourceTree = "<group>"; };
		7D3496601DA9A1BC0065DC45 /* GoogleService-Info.plist */ = {isa = PBXFileReference; fileEncoding = 4; lastKnownFileType = text.plist.xml; path = "GoogleService-Info.plist"; sourceTree = "<group>"; };
		7D58F2CB1DB06D0E004AD9E1 /* ColorCircleView.swift */ = {isa = PBXFileReference; fileEncoding = 4; lastKnownFileType = sourcecode.swift; path = ColorCircleView.swift; sourceTree = "<group>"; };
		7D58F2CD1DB07B44004AD9E1 /* CreateListTableViewController.swift */ = {isa = PBXFileReference; fileEncoding = 4; lastKnownFileType = sourcecode.swift; path = CreateListTableViewController.swift; sourceTree = "<group>"; };
		7D58F2CF1DB07F9A004AD9E1 /* ColorCircleCollectionViewCell.swift */ = {isa = PBXFileReference; fileEncoding = 4; lastKnownFileType = sourcecode.swift; path = ColorCircleCollectionViewCell.swift; sourceTree = "<group>"; };
		7D5B42211DDAAA3C007D57DC /* FirebaseDatabaseUI.framework */ = {isa = PBXFileReference; lastKnownFileType = wrapper.framework; name = FirebaseDatabaseUI.framework; path = "../../../Library/Developer/Xcode/DerivedData/FireLister-gfglysmonmyzvreurgqhnjhcakqj/Build/Products/Debug-iphonesimulator/FirebaseDatabaseUI/FirebaseDatabaseUI.framework"; sourceTree = "<group>"; };
		7D5B42591DDBC143007D57DC /* Array+InsertionIndex.swift */ = {isa = PBXFileReference; fileEncoding = 4; lastKnownFileType = sourcecode.swift; path = "Array+InsertionIndex.swift"; sourceTree = "<group>"; };
		7D5B425A1DDBC143007D57DC /* FirebaseArray.swift */ = {isa = PBXFileReference; fileEncoding = 4; lastKnownFileType = sourcecode.swift; path = FirebaseArray.swift; sourceTree = "<group>"; };
		7D5B425B1DDBC143007D57DC /* FirebaseArrayDelegate.swift */ = {isa = PBXFileReference; fileEncoding = 4; lastKnownFileType = sourcecode.swift; path = FirebaseArrayDelegate.swift; sourceTree = "<group>"; };
		7D5B425C1DDBC143007D57DC /* FirebaseDataSource.swift */ = {isa = PBXFileReference; fileEncoding = 4; lastKnownFileType = sourcecode.swift; path = FirebaseDataSource.swift; sourceTree = "<group>"; };
		7D5B425D1DDBC143007D57DC /* FirebaseModel.swift */ = {isa = PBXFileReference; fileEncoding = 4; lastKnownFileType = sourcecode.swift; path = FirebaseModel.swift; sourceTree = "<group>"; };
		7D5B425E1DDBC143007D57DC /* FirebaseTableViewDataSource.swift */ = {isa = PBXFileReference; fileEncoding = 4; lastKnownFileType = sourcecode.swift; path = FirebaseTableViewDataSource.swift; sourceTree = "<group>"; };
		7D5B425F1DDBC143007D57DC /* SnapshotModel.swift */ = {isa = PBXFileReference; fileEncoding = 4; lastKnownFileType = sourcecode.swift; path = SnapshotModel.swift; sourceTree = "<group>"; };
		7D5B42671DDBC235007D57DC /* PaginatedFirebaseArray.swift */ = {isa = PBXFileReference; fileEncoding = 4; lastKnownFileType = sourcecode.swift; path = PaginatedFirebaseArray.swift; sourceTree = "<group>"; };
		7D5DDE621DDCEC6A00D41CC9 /* FirebaseCollectionViewDataSource.swift */ = {isa = PBXFileReference; fileEncoding = 4; lastKnownFileType = sourcecode.swift; path = FirebaseCollectionViewDataSource.swift; sourceTree = "<group>"; };
		7D802E261DDE512000C3C937 /* PaginatedFirebaseTableViewDataSource.swift */ = {isa = PBXFileReference; fileEncoding = 4; lastKnownFileType = sourcecode.swift; path = PaginatedFirebaseTableViewDataSource.swift; sourceTree = "<group>"; };
		7DCCF80A1DAAD9BB00183EA6 /* Reminder.swift */ = {isa = PBXFileReference; fileEncoding = 4; lastKnownFileType = sourcecode.swift; path = Reminder.swift; sourceTree = "<group>"; };
		7DCCF80F1DAAE34B00183EA6 /* ReminderTableViewCell.swift */ = {isa = PBXFileReference; fileEncoding = 4; lastKnownFileType = sourcecode.swift; path = ReminderTableViewCell.swift; sourceTree = "<group>"; };
		7DCCF8111DAAE35500183EA6 /* AddReminderTableViewCell.swift */ = {isa = PBXFileReference; fileEncoding = 4; lastKnownFileType = sourcecode.swift; path = AddReminderTableViewCell.swift; sourceTree = "<group>"; };
		7DCCF8131DAB1D2E00183EA6 /* ReminderCellTextField.swift */ = {isa = PBXFileReference; fileEncoding = 4; lastKnownFileType = sourcecode.swift; path = ReminderCellTextField.swift; sourceTree = "<group>"; };
		7DCCF8151DAC60CC00183EA6 /* ReminderDetailTableViewController.swift */ = {isa = PBXFileReference; fileEncoding = 4; lastKnownFileType = sourcecode.swift; path = ReminderDetailTableViewController.swift; sourceTree = "<group>"; };
		7DCCF8191DAC922700183EA6 /* TriggerAlarmTableViewCell.swift */ = {isa = PBXFileReference; fileEncoding = 4; lastKnownFileType = sourcecode.swift; path = TriggerAlarmTableViewCell.swift; sourceTree = "<group>"; };
		7DCCF81B1DAC939F00183EA6 /* TextFieldTableViewCell.swift */ = {isa = PBXFileReference; fileEncoding = 4; lastKnownFileType = sourcecode.swift; path = TextFieldTableViewCell.swift; sourceTree = "<group>"; };
		7DCCF81D1DAC98FC00183EA6 /* RepeatTableViewController.swift */ = {isa = PBXFileReference; fileEncoding = 4; lastKnownFileType = sourcecode.swift; path = RepeatTableViewController.swift; sourceTree = "<group>"; };
		7DCCF8201DACA25D00183EA6 /* SetRepeatDelegate.swift */ = {isa = PBXFileReference; fileEncoding = 4; lastKnownFileType = sourcecode.swift; path = SetRepeatDelegate.swift; sourceTree = "<group>"; };
		7DED93011DAFE8B000467615 /* User.swift */ = {isa = PBXFileReference; fileEncoding = 4; lastKnownFileType = sourcecode.swift; path = User.swift; sourceTree = "<group>"; };
		7DED93031DAFE91300467615 /* List.swift */ = {isa = PBXFileReference; fileEncoding = 4; lastKnownFileType = sourcecode.swift; path = List.swift; sourceTree = "<group>"; };
		813535473D17C8DC28D25FE0 /* Pods_FireListerTests.framework */ = {isa = PBXFileReference; explicitFileType = wrapper.framework; includeInIndex = 0; path = Pods_FireListerTests.framework; sourceTree = BUILT_PRODUCTS_DIR; };
		A8FEC1F39F31214AE2C309B6 /* Pods-FireListerTests.debug.xcconfig */ = {isa = PBXFileReference; includeInIndex = 1; lastKnownFileType = text.xcconfig; name = "Pods-FireListerTests.debug.xcconfig"; path = "Pods/Target Support Files/Pods-FireListerTests/Pods-FireListerTests.debug.xcconfig"; sourceTree = "<group>"; };
		B667F99950D4BDEA079BB29B /* Pods-FireLister.debug.xcconfig */ = {isa = PBXFileReference; includeInIndex = 1; lastKnownFileType = text.xcconfig; name = "Pods-FireLister.debug.xcconfig"; path = "Pods/Target Support Files/Pods-FireLister/Pods-FireLister.debug.xcconfig"; sourceTree = "<group>"; };
		CE3467DF493D5D86D3A261F8 /* Pods_FireListerUITests.framework */ = {isa = PBXFileReference; explicitFileType = wrapper.framework; includeInIndex = 0; path = Pods_FireListerUITests.framework; sourceTree = BUILT_PRODUCTS_DIR; };
		D9BB5D39990CD0F697FEDE63 /* Pods-FireListerUITests.debug.xcconfig */ = {isa = PBXFileReference; includeInIndex = 1; lastKnownFileType = text.xcconfig; name = "Pods-FireListerUITests.debug.xcconfig"; path = "Pods/Target Support Files/Pods-FireListerUITests/Pods-FireListerUITests.debug.xcconfig"; sourceTree = "<group>"; };
		DBA20F92EB6C8C88E9B98EE3 /* Pods-FireListerUITests.release.xcconfig */ = {isa = PBXFileReference; includeInIndex = 1; lastKnownFileType = text.xcconfig; name = "Pods-FireListerUITests.release.xcconfig"; path = "Pods/Target Support Files/Pods-FireListerUITests/Pods-FireListerUITests.release.xcconfig"; sourceTree = "<group>"; };
		F76BBFE70A464963486F4EC1 /* Pods_FireLister.framework */ = {isa = PBXFileReference; explicitFileType = wrapper.framework; includeInIndex = 0; path = Pods_FireLister.framework; sourceTree = BUILT_PRODUCTS_DIR; };
/* End PBXFileReference section */

/* Begin PBXFrameworksBuildPhase section */
		7D3496281DA97A360065DC45 /* Frameworks */ = {
			isa = PBXFrameworksBuildPhase;
			buildActionMask = 2147483647;
			files = (
				BEA85C70D29568B273BA6770 /* Pods_FireLister.framework in Frameworks */,
			);
			runOnlyForDeploymentPostprocessing = 0;
		};
		7D34963E1DA97A360065DC45 /* Frameworks */ = {
			isa = PBXFrameworksBuildPhase;
			buildActionMask = 2147483647;
			files = (
				D0B5B7AA321B7F58D4B434CA /* Pods_FireListerTests.framework in Frameworks */,
			);
			runOnlyForDeploymentPostprocessing = 0;
		};
		7D3496491DA97A360065DC45 /* Frameworks */ = {
			isa = PBXFrameworksBuildPhase;
			buildActionMask = 2147483647;
			files = (
				5BD96DD50825AC14DAC3C231 /* Pods_FireListerUITests.framework in Frameworks */,
			);
			runOnlyForDeploymentPostprocessing = 0;
		};
/* End PBXFrameworksBuildPhase section */

/* Begin PBXGroup section */
		7D3496221DA97A360065DC45 = {
			isa = PBXGroup;
			children = (
				7D34962D1DA97A360065DC45 /* FireLister */,
				7D3496441DA97A360065DC45 /* FireListerTests */,
				7D34964F1DA97A360065DC45 /* FireListerUITests */,
				7D34962C1DA97A360065DC45 /* Products */,
				FB101A322800290C7D00DB95 /* Pods */,
				D87E5B59CF491055EADA4EFE /* Frameworks */,
			);
			sourceTree = "<group>";
		};
		7D34962C1DA97A360065DC45 /* Products */ = {
			isa = PBXGroup;
			children = (
				7D34962B1DA97A360065DC45 /* FireLister.app */,
				7D3496411DA97A360065DC45 /* FireListerTests.xctest */,
				7D34964C1DA97A360065DC45 /* FireListerUITests.xctest */,
			);
			name = Products;
			sourceTree = "<group>";
		};
		7D34962D1DA97A360065DC45 /* FireLister */ = {
			isa = PBXGroup;
			children = (
				7D5B42581DDBC127007D57DC /* FirebaseDatabaseUI */,
				7D34962E1DA97A360065DC45 /* AppDelegate.swift */,
				7DCCF80C1DAAD9C700183EA6 /* Models */,
				7DCCF80E1DAAE33100183EA6 /* Views */,
				7DCCF80D1DAAD9D200183EA6 /* View Controllers */,
				7DCCF81F1DACA22400183EA6 /* Delegates */,
				7D3496341DA97A360065DC45 /* Main.storyboard */,
				7D3496371DA97A360065DC45 /* Assets.xcassets */,
				7D3496391DA97A360065DC45 /* LaunchScreen.storyboard */,
				7D34963C1DA97A360065DC45 /* Info.plist */,
				7D3496601DA9A1BC0065DC45 /* GoogleService-Info.plist */,
			);
			path = FireLister;
			sourceTree = "<group>";
		};
		7D3496441DA97A360065DC45 /* FireListerTests */ = {
			isa = PBXGroup;
			children = (
				7D3496451DA97A360065DC45 /* FireListerTests.swift */,
				7D3496471DA97A360065DC45 /* Info.plist */,
			);
			path = FireListerTests;
			sourceTree = "<group>";
		};
		7D34964F1DA97A360065DC45 /* FireListerUITests */ = {
			isa = PBXGroup;
			children = (
				7D3496501DA97A360065DC45 /* FireListerUITests.swift */,
				7D3496521DA97A360065DC45 /* Info.plist */,
			);
			path = FireListerUITests;
			sourceTree = "<group>";
		};
		7D5B42581DDBC127007D57DC /* FirebaseDatabaseUI */ = {
			isa = PBXGroup;
			children = (
				7D5B425D1DDBC143007D57DC /* FirebaseModel.swift */,
				7D5B425F1DDBC143007D57DC /* SnapshotModel.swift */,
				7D5B425A1DDBC143007D57DC /* FirebaseArray.swift */,
				7D5B425B1DDBC143007D57DC /* FirebaseArrayDelegate.swift */,
				7D5B42671DDBC235007D57DC /* PaginatedFirebaseArray.swift */,
				7D5B425C1DDBC143007D57DC /* FirebaseDataSource.swift */,
				7D5B425E1DDBC143007D57DC /* FirebaseTableViewDataSource.swift */,
				7D5DDE621DDCEC6A00D41CC9 /* FirebaseCollectionViewDataSource.swift */,
				7D802E261DDE512000C3C937 /* PaginatedFirebaseTableViewDataSource.swift */,
				7D5B42591DDBC143007D57DC /* Array+InsertionIndex.swift */,
			);
			name = FirebaseDatabaseUI;
			sourceTree = "<group>";
		};
		7DCCF80C1DAAD9C700183EA6 /* Models */ = {
			isa = PBXGroup;
			children = (
				7DCCF80A1DAAD9BB00183EA6 /* Reminder.swift */,
				7DED93011DAFE8B000467615 /* User.swift */,
				7DED93031DAFE91300467615 /* List.swift */,
			);
			name = Models;
			sourceTree = "<group>";
		};
		7DCCF80D1DAAD9D200183EA6 /* View Controllers */ = {
			isa = PBXGroup;
			children = (
				7D34965E1DA983990065DC45 /* SignInTableViewController.swift */,
				7D2C95E51DAFF2E100656843 /* ListsCollectionViewController.swift */,
				7D3496301DA97A360065DC45 /* ListTableViewController.swift */,
				7DCCF8151DAC60CC00183EA6 /* ReminderDetailTableViewController.swift */,
				7DCCF81D1DAC98FC00183EA6 /* RepeatTableViewController.swift */,
				7D58F2CD1DB07B44004AD9E1 /* CreateListTableViewController.swift */,
			);
			name = "View Controllers";
			sourceTree = "<group>";
		};
		7DCCF80E1DAAE33100183EA6 /* Views */ = {
			isa = PBXGroup;
			children = (
				7DCCF80F1DAAE34B00183EA6 /* ReminderTableViewCell.swift */,
				7DCCF8111DAAE35500183EA6 /* AddReminderTableViewCell.swift */,
				7DCCF8131DAB1D2E00183EA6 /* ReminderCellTextField.swift */,
				7DCCF8191DAC922700183EA6 /* TriggerAlarmTableViewCell.swift */,
				7DCCF81B1DAC939F00183EA6 /* TextFieldTableViewCell.swift */,
				7D2C95E71DAFF67F00656843 /* ListCollectionViewCell.swift */,
				7D58F2CB1DB06D0E004AD9E1 /* ColorCircleView.swift */,
				7D58F2CF1DB07F9A004AD9E1 /* ColorCircleCollectionViewCell.swift */,
			);
			name = Views;
			sourceTree = "<group>";
		};
		7DCCF81F1DACA22400183EA6 /* Delegates */ = {
			isa = PBXGroup;
			children = (
				7DCCF8201DACA25D00183EA6 /* SetRepeatDelegate.swift */,
			);
			name = Delegates;
			sourceTree = "<group>";
		};
		D87E5B59CF491055EADA4EFE /* Frameworks */ = {
			isa = PBXGroup;
			children = (
				7D5B42211DDAAA3C007D57DC /* FirebaseDatabaseUI.framework */,
				7D2BF4001DCA39BC00359FA8 /* FirebaseDatabaseUI.framework */,
				F76BBFE70A464963486F4EC1 /* Pods_FireLister.framework */,
				813535473D17C8DC28D25FE0 /* Pods_FireListerTests.framework */,
				CE3467DF493D5D86D3A261F8 /* Pods_FireListerUITests.framework */,
			);
			name = Frameworks;
			sourceTree = "<group>";
		};
		FB101A322800290C7D00DB95 /* Pods */ = {
			isa = PBXGroup;
			children = (
				B667F99950D4BDEA079BB29B /* Pods-FireLister.debug.xcconfig */,
				2821B34C9209CCEC6DBE633C /* Pods-FireLister.release.xcconfig */,
				A8FEC1F39F31214AE2C309B6 /* Pods-FireListerTests.debug.xcconfig */,
				3576CDB58E336584643E7DA9 /* Pods-FireListerTests.release.xcconfig */,
				D9BB5D39990CD0F697FEDE63 /* Pods-FireListerUITests.debug.xcconfig */,
				DBA20F92EB6C8C88E9B98EE3 /* Pods-FireListerUITests.release.xcconfig */,
			);
			name = Pods;
			sourceTree = "<group>";
		};
/* End PBXGroup section */

/* Begin PBXNativeTarget section */
		7D34962A1DA97A360065DC45 /* FireLister */ = {
			isa = PBXNativeTarget;
			buildConfigurationList = 7D3496551DA97A360065DC45 /* Build configuration list for PBXNativeTarget "FireLister" */;
			buildPhases = (
				95390DB83951FE6A3EC52012 /* [CP] Check Pods Manifest.lock */,
				7D3496271DA97A360065DC45 /* Sources */,
				7D3496281DA97A360065DC45 /* Frameworks */,
				7D3496291DA97A360065DC45 /* Resources */,
				9E573A4575FB77D6F21FF30C /* [CP] Embed Pods Frameworks */,
				51F380A56070D3F723BF95FE /* [CP] Copy Pods Resources */,
			);
			buildRules = (
			);
			dependencies = (
			);
			name = FireLister;
			productName = FireLister;
			productReference = 7D34962B1DA97A360065DC45 /* FireLister.app */;
			productType = "com.apple.product-type.application";
		};
		7D3496401DA97A360065DC45 /* FireListerTests */ = {
			isa = PBXNativeTarget;
			buildConfigurationList = 7D3496581DA97A360065DC45 /* Build configuration list for PBXNativeTarget "FireListerTests" */;
			buildPhases = (
				24E2285369C3F8EEE67BE8CF /* [CP] Check Pods Manifest.lock */,
				7D34963D1DA97A360065DC45 /* Sources */,
				7D34963E1DA97A360065DC45 /* Frameworks */,
				7D34963F1DA97A360065DC45 /* Resources */,
				4698C58DB09F290707EDB163 /* [CP] Embed Pods Frameworks */,
				44970EDDDB55FDA482A06B4D /* [CP] Copy Pods Resources */,
			);
			buildRules = (
			);
			dependencies = (
				7D3496431DA97A360065DC45 /* PBXTargetDependency */,
			);
			name = FireListerTests;
			productName = FireListerTests;
			productReference = 7D3496411DA97A360065DC45 /* FireListerTests.xctest */;
			productType = "com.apple.product-type.bundle.unit-test";
		};
		7D34964B1DA97A360065DC45 /* FireListerUITests */ = {
			isa = PBXNativeTarget;
			buildConfigurationList = 7D34965B1DA97A360065DC45 /* Build configuration list for PBXNativeTarget "FireListerUITests" */;
			buildPhases = (
				6780B6576F59C7510FD03E89 /* [CP] Check Pods Manifest.lock */,
				7D3496481DA97A360065DC45 /* Sources */,
				7D3496491DA97A360065DC45 /* Frameworks */,
				7D34964A1DA97A360065DC45 /* Resources */,
				1BAF2464AF4717E4BA673968 /* [CP] Embed Pods Frameworks */,
				591A796E6A281DFA4FFFD557 /* [CP] Copy Pods Resources */,
			);
			buildRules = (
			);
			dependencies = (
				7D34964E1DA97A360065DC45 /* PBXTargetDependency */,
			);
			name = FireListerUITests;
			productName = FireListerUITests;
			productReference = 7D34964C1DA97A360065DC45 /* FireListerUITests.xctest */;
			productType = "com.apple.product-type.bundle.ui-testing";
		};
/* End PBXNativeTarget section */

/* Begin PBXProject section */
		7D3496231DA97A360065DC45 /* Project object */ = {
			isa = PBXProject;
			attributes = {
				LastSwiftUpdateCheck = 0800;
				LastUpgradeCheck = 0810;
				ORGANIZATIONNAME = "Connor Crawford";
				TargetAttributes = {
					7D34962A1DA97A360065DC45 = {
						CreatedOnToolsVersion = 8.0;
						DevelopmentTeam = LVQAV2S2JC;
						LastSwiftMigration = 0800;
						ProvisioningStyle = Automatic;
					};
					7D3496401DA97A360065DC45 = {
						CreatedOnToolsVersion = 8.0;
						DevelopmentTeam = LVQAV2S2JC;
						ProvisioningStyle = Automatic;
						TestTargetID = 7D34962A1DA97A360065DC45;
					};
					7D34964B1DA97A360065DC45 = {
						CreatedOnToolsVersion = 8.0;
						DevelopmentTeam = LVQAV2S2JC;
						ProvisioningStyle = Automatic;
						TestTargetID = 7D34962A1DA97A360065DC45;
					};
				};
			};
			buildConfigurationList = 7D3496261DA97A360065DC45 /* Build configuration list for PBXProject "FireLister" */;
			compatibilityVersion = "Xcode 3.2";
			developmentRegion = English;
			hasScannedForEncodings = 0;
			knownRegions = (
				en,
				Base,
			);
			mainGroup = 7D3496221DA97A360065DC45;
			productRefGroup = 7D34962C1DA97A360065DC45 /* Products */;
			projectDirPath = "";
			projectRoot = "";
			targets = (
				7D34962A1DA97A360065DC45 /* FireLister */,
				7D3496401DA97A360065DC45 /* FireListerTests */,
				7D34964B1DA97A360065DC45 /* FireListerUITests */,
			);
		};
/* End PBXProject section */

/* Begin PBXResourcesBuildPhase section */
		7D3496291DA97A360065DC45 /* Resources */ = {
			isa = PBXResourcesBuildPhase;
			buildActionMask = 2147483647;
			files = (
				7D34963B1DA97A360065DC45 /* LaunchScreen.storyboard in Resources */,
				7D3496611DA9A1BC0065DC45 /* GoogleService-Info.plist in Resources */,
				7D3496381DA97A360065DC45 /* Assets.xcassets in Resources */,
				7D3496361DA97A360065DC45 /* Main.storyboard in Resources */,
			);
			runOnlyForDeploymentPostprocessing = 0;
		};
		7D34963F1DA97A360065DC45 /* Resources */ = {
			isa = PBXResourcesBuildPhase;
			buildActionMask = 2147483647;
			files = (
			);
			runOnlyForDeploymentPostprocessing = 0;
		};
		7D34964A1DA97A360065DC45 /* Resources */ = {
			isa = PBXResourcesBuildPhase;
			buildActionMask = 2147483647;
			files = (
			);
			runOnlyForDeploymentPostprocessing = 0;
		};
/* End PBXResourcesBuildPhase section */

/* Begin PBXShellScriptBuildPhase section */
		1BAF2464AF4717E4BA673968 /* [CP] Embed Pods Frameworks */ = {
			isa = PBXShellScriptBuildPhase;
			buildActionMask = 2147483647;
			files = (
			);
			inputPaths = (
			);
			name = "[CP] Embed Pods Frameworks";
			outputPaths = (
			);
			runOnlyForDeploymentPostprocessing = 0;
			shellPath = /bin/sh;
			shellScript = "\"${SRCROOT}/Pods/Target Support Files/Pods-FireListerUITests/Pods-FireListerUITests-frameworks.sh\"\n";
			showEnvVarsInLog = 0;
		};
		24E2285369C3F8EEE67BE8CF /* [CP] Check Pods Manifest.lock */ = {
			isa = PBXShellScriptBuildPhase;
			buildActionMask = 2147483647;
			files = (
			);
			inputPaths = (
			);
			name = "[CP] Check Pods Manifest.lock";
			outputPaths = (
			);
			runOnlyForDeploymentPostprocessing = 0;
			shellPath = /bin/sh;
			shellScript = "diff \"${PODS_ROOT}/../Podfile.lock\" \"${PODS_ROOT}/Manifest.lock\" > /dev/null\nif [ $? != 0 ] ; then\n    # print error to STDERR\n    echo \"error: The sandbox is not in sync with the Podfile.lock. Run 'pod install' or update your CocoaPods installation.\" >&2\n    exit 1\nfi\n";
			showEnvVarsInLog = 0;
		};
		44970EDDDB55FDA482A06B4D /* [CP] Copy Pods Resources */ = {
			isa = PBXShellScriptBuildPhase;
			buildActionMask = 2147483647;
			files = (
			);
			inputPaths = (
			);
			name = "[CP] Copy Pods Resources";
			outputPaths = (
			);
			runOnlyForDeploymentPostprocessing = 0;
			shellPath = /bin/sh;
			shellScript = "\"${SRCROOT}/Pods/Target Support Files/Pods-FireListerTests/Pods-FireListerTests-resources.sh\"\n";
			showEnvVarsInLog = 0;
		};
		4698C58DB09F290707EDB163 /* [CP] Embed Pods Frameworks */ = {
			isa = PBXShellScriptBuildPhase;
			buildActionMask = 2147483647;
			files = (
			);
			inputPaths = (
			);
			name = "[CP] Embed Pods Frameworks";
			outputPaths = (
			);
			runOnlyForDeploymentPostprocessing = 0;
			shellPath = /bin/sh;
			shellScript = "\"${SRCROOT}/Pods/Target Support Files/Pods-FireListerTests/Pods-FireListerTests-frameworks.sh\"\n";
			showEnvVarsInLog = 0;
		};
		51F380A56070D3F723BF95FE /* [CP] Copy Pods Resources */ = {
			isa = PBXShellScriptBuildPhase;
			buildActionMask = 2147483647;
			files = (
			);
			inputPaths = (
			);
			name = "[CP] Copy Pods Resources";
			outputPaths = (
			);
			runOnlyForDeploymentPostprocessing = 0;
			shellPath = /bin/sh;
			shellScript = "\"${SRCROOT}/Pods/Target Support Files/Pods-FireLister/Pods-FireLister-resources.sh\"\n";
			showEnvVarsInLog = 0;
		};
		591A796E6A281DFA4FFFD557 /* [CP] Copy Pods Resources */ = {
			isa = PBXShellScriptBuildPhase;
			buildActionMask = 2147483647;
			files = (
			);
			inputPaths = (
			);
			name = "[CP] Copy Pods Resources";
			outputPaths = (
			);
			runOnlyForDeploymentPostprocessing = 0;
			shellPath = /bin/sh;
			shellScript = "\"${SRCROOT}/Pods/Target Support Files/Pods-FireListerUITests/Pods-FireListerUITests-resources.sh\"\n";
			showEnvVarsInLog = 0;
		};
		6780B6576F59C7510FD03E89 /* [CP] Check Pods Manifest.lock */ = {
			isa = PBXShellScriptBuildPhase;
			buildActionMask = 2147483647;
			files = (
			);
			inputPaths = (
			);
			name = "[CP] Check Pods Manifest.lock";
			outputPaths = (
			);
			runOnlyForDeploymentPostprocessing = 0;
			shellPath = /bin/sh;
			shellScript = "diff \"${PODS_ROOT}/../Podfile.lock\" \"${PODS_ROOT}/Manifest.lock\" > /dev/null\nif [ $? != 0 ] ; then\n    # print error to STDERR\n    echo \"error: The sandbox is not in sync with the Podfile.lock. Run 'pod install' or update your CocoaPods installation.\" >&2\n    exit 1\nfi\n";
			showEnvVarsInLog = 0;
		};
		95390DB83951FE6A3EC52012 /* [CP] Check Pods Manifest.lock */ = {
			isa = PBXShellScriptBuildPhase;
			buildActionMask = 2147483647;
			files = (
			);
			inputPaths = (
			);
			name = "[CP] Check Pods Manifest.lock";
			outputPaths = (
			);
			runOnlyForDeploymentPostprocessing = 0;
			shellPath = /bin/sh;
			shellScript = "diff \"${PODS_ROOT}/../Podfile.lock\" \"${PODS_ROOT}/Manifest.lock\" > /dev/null\nif [ $? != 0 ] ; then\n    # print error to STDERR\n    echo \"error: The sandbox is not in sync with the Podfile.lock. Run 'pod install' or update your CocoaPods installation.\" >&2\n    exit 1\nfi\n";
			showEnvVarsInLog = 0;
		};
		9E573A4575FB77D6F21FF30C /* [CP] Embed Pods Frameworks */ = {
			isa = PBXShellScriptBuildPhase;
			buildActionMask = 2147483647;
			files = (
			);
			inputPaths = (
			);
			name = "[CP] Embed Pods Frameworks";
			outputPaths = (
			);
			runOnlyForDeploymentPostprocessing = 0;
			shellPath = /bin/sh;
			shellScript = "\"${SRCROOT}/Pods/Target Support Files/Pods-FireLister/Pods-FireLister-frameworks.sh\"\n";
			showEnvVarsInLog = 0;
		};
/* End PBXShellScriptBuildPhase section */

/* Begin PBXSourcesBuildPhase section */
		7D3496271DA97A360065DC45 /* Sources */ = {
			isa = PBXSourcesBuildPhase;
			buildActionMask = 2147483647;
			files = (
				7D5B42641DDBC143007D57DC /* FirebaseModel.swift in Sources */,
				7DCCF81C1DAC939F00183EA6 /* TextFieldTableViewCell.swift in Sources */,
				7D2C95E81DAFF67F00656843 /* ListCollectionViewCell.swift in Sources */,
				7DED93041DAFE91300467615 /* List.swift in Sources */,
				7D802E271DDE512000C3C937 /* PaginatedFirebaseTableViewDataSource.swift in Sources */,
				7DCCF8101DAAE34B00183EA6 /* ReminderTableViewCell.swift in Sources */,
				7DCCF80B1DAAD9BB00183EA6 /* Reminder.swift in Sources */,
				7DCCF81E1DAC98FC00183EA6 /* RepeatTableViewController.swift in Sources */,
				7D5B42601DDBC143007D57DC /* Array+InsertionIndex.swift in Sources */,
				7D58F2CE1DB07B44004AD9E1 /* CreateListTableViewController.swift in Sources */,
				7D58F2D01DB07F9A004AD9E1 /* ColorCircleCollectionViewCell.swift in Sources */,
				7DCCF8161DAC60CC00183EA6 /* ReminderDetailTableViewController.swift in Sources */,
				7DED93021DAFE8B000467615 /* User.swift in Sources */,
				7D34965F1DA983990065DC45 /* SignInTableViewController.swift in Sources */,
				7D5B42661DDBC143007D57DC /* SnapshotModel.swift in Sources */,
				7D58F2CC1DB06D0E004AD9E1 /* ColorCircleView.swift in Sources */,
				7D2C95E61DAFF2E100656843 /* ListsCollectionViewController.swift in Sources */,
				7DCCF8121DAAE35500183EA6 /* AddReminderTableViewCell.swift in Sources */,
				7D5B42631DDBC143007D57DC /* FirebaseDataSource.swift in Sources */,
				7D5B42681DDBC235007D57DC /* PaginatedFirebaseArray.swift in Sources */,
				7D3496311DA97A360065DC45 /* ListTableViewController.swift in Sources */,
				7D34962F1DA97A360065DC45 /* AppDelegate.swift in Sources */,
				7D5B42651DDBC143007D57DC /* FirebaseTableViewDataSource.swift in Sources */,
				7DCCF8211DACA25D00183EA6 /* SetRepeatDelegate.swift in Sources */,
				7DCCF81A1DAC922700183EA6 /* TriggerAlarmTableViewCell.swift in Sources */,
				7D5DDE631DDCEC6A00D41CC9 /* FirebaseCollectionViewDataSource.swift in Sources */,
				7D5B42621DDBC143007D57DC /* FirebaseArrayDelegate.swift in Sources */,
				7D5B42611DDBC143007D57DC /* FirebaseArray.swift in Sources */,
				7DCCF8141DAB1D2E00183EA6 /* ReminderCellTextField.swift in Sources */,
			);
			runOnlyForDeploymentPostprocessing = 0;
		};
		7D34963D1DA97A360065DC45 /* Sources */ = {
			isa = PBXSourcesBuildPhase;
			buildActionMask = 2147483647;
			files = (
				7D3496461DA97A360065DC45 /* FireListerTests.swift in Sources */,
			);
			runOnlyForDeploymentPostprocessing = 0;
		};
		7D3496481DA97A360065DC45 /* Sources */ = {
			isa = PBXSourcesBuildPhase;
			buildActionMask = 2147483647;
			files = (
				7D3496511DA97A360065DC45 /* FireListerUITests.swift in Sources */,
			);
			runOnlyForDeploymentPostprocessing = 0;
		};
/* End PBXSourcesBuildPhase section */

/* Begin PBXTargetDependency section */
		7D3496431DA97A360065DC45 /* PBXTargetDependency */ = {
			isa = PBXTargetDependency;
			target = 7D34962A1DA97A360065DC45 /* FireLister */;
			targetProxy = 7D3496421DA97A360065DC45 /* PBXContainerItemProxy */;
		};
		7D34964E1DA97A360065DC45 /* PBXTargetDependency */ = {
			isa = PBXTargetDependency;
			target = 7D34962A1DA97A360065DC45 /* FireLister */;
			targetProxy = 7D34964D1DA97A360065DC45 /* PBXContainerItemProxy */;
		};
/* End PBXTargetDependency section */

/* Begin PBXVariantGroup section */
		7D3496341DA97A360065DC45 /* Main.storyboard */ = {
			isa = PBXVariantGroup;
			children = (
				7D3496351DA97A360065DC45 /* Base */,
			);
			name = Main.storyboard;
			sourceTree = "<group>";
		};
		7D3496391DA97A360065DC45 /* LaunchScreen.storyboard */ = {
			isa = PBXVariantGroup;
			children = (
				7D34963A1DA97A360065DC45 /* Base */,
			);
			name = LaunchScreen.storyboard;
			sourceTree = "<group>";
		};
/* End PBXVariantGroup section */

/* Begin XCBuildConfiguration section */
		7D3496531DA97A360065DC45 /* Debug */ = {
			isa = XCBuildConfiguration;
			buildSettings = {
				ALWAYS_SEARCH_USER_PATHS = NO;
				CLANG_ANALYZER_NONNULL = YES;
				CLANG_CXX_LANGUAGE_STANDARD = "gnu++0x";
				CLANG_CXX_LIBRARY = "libc++";
				CLANG_ENABLE_MODULES = YES;
				CLANG_ENABLE_OBJC_ARC = YES;
				CLANG_WARN_BOOL_CONVERSION = YES;
				CLANG_WARN_CONSTANT_CONVERSION = YES;
				CLANG_WARN_DIRECT_OBJC_ISA_USAGE = YES_ERROR;
				CLANG_WARN_DOCUMENTATION_COMMENTS = YES;
				CLANG_WARN_EMPTY_BODY = YES;
				CLANG_WARN_ENUM_CONVERSION = YES;
				CLANG_WARN_INFINITE_RECURSION = YES;
				CLANG_WARN_INT_CONVERSION = YES;
				CLANG_WARN_OBJC_ROOT_CLASS = YES_ERROR;
				CLANG_WARN_SUSPICIOUS_MOVE = YES;
				CLANG_WARN_SUSPICIOUS_MOVES = YES;
				CLANG_WARN_UNREACHABLE_CODE = YES;
				CLANG_WARN__DUPLICATE_METHOD_MATCH = YES;
				"CODE_SIGN_IDENTITY[sdk=iphoneos*]" = "iPhone Developer";
				COPY_PHASE_STRIP = NO;
				DEBUG_INFORMATION_FORMAT = dwarf;
				ENABLE_STRICT_OBJC_MSGSEND = YES;
				ENABLE_TESTABILITY = YES;
				GCC_C_LANGUAGE_STANDARD = gnu99;
				GCC_DYNAMIC_NO_PIC = NO;
				GCC_NO_COMMON_BLOCKS = YES;
				GCC_OPTIMIZATION_LEVEL = 0;
				GCC_PREPROCESSOR_DEFINITIONS = (
					"DEBUG=1",
					"$(inherited)",
				);
				GCC_WARN_64_TO_32_BIT_CONVERSION = YES;
				GCC_WARN_ABOUT_RETURN_TYPE = YES_ERROR;
				GCC_WARN_UNDECLARED_SELECTOR = YES;
				GCC_WARN_UNINITIALIZED_AUTOS = YES_AGGRESSIVE;
				GCC_WARN_UNUSED_FUNCTION = YES;
				GCC_WARN_UNUSED_VARIABLE = YES;
				IPHONEOS_DEPLOYMENT_TARGET = 10.1;
				MTL_ENABLE_DEBUG_INFO = YES;
				ONLY_ACTIVE_ARCH = YES;
				SDKROOT = iphoneos;
				SWIFT_ACTIVE_COMPILATION_CONDITIONS = DEBUG;
				SWIFT_OPTIMIZATION_LEVEL = "-Onone";
				TARGETED_DEVICE_FAMILY = "1,2";
			};
			name = Debug;
		};
		7D3496541DA97A360065DC45 /* Release */ = {
			isa = XCBuildConfiguration;
			buildSettings = {
				ALWAYS_SEARCH_USER_PATHS = NO;
				CLANG_ANALYZER_NONNULL = YES;
				CLANG_CXX_LANGUAGE_STANDARD = "gnu++0x";
				CLANG_CXX_LIBRARY = "libc++";
				CLANG_ENABLE_MODULES = YES;
				CLANG_ENABLE_OBJC_ARC = YES;
				CLANG_WARN_BOOL_CONVERSION = YES;
				CLANG_WARN_CONSTANT_CONVERSION = YES;
				CLANG_WARN_DIRECT_OBJC_ISA_USAGE = YES_ERROR;
				CLANG_WARN_DOCUMENTATION_COMMENTS = YES;
				CLANG_WARN_EMPTY_BODY = YES;
				CLANG_WARN_ENUM_CONVERSION = YES;
				CLANG_WARN_INFINITE_RECURSION = YES;
				CLANG_WARN_INT_CONVERSION = YES;
				CLANG_WARN_OBJC_ROOT_CLASS = YES_ERROR;
				CLANG_WARN_SUSPICIOUS_MOVE = YES;
				CLANG_WARN_SUSPICIOUS_MOVES = YES;
				CLANG_WARN_UNREACHABLE_CODE = YES;
				CLANG_WARN__DUPLICATE_METHOD_MATCH = YES;
				"CODE_SIGN_IDENTITY[sdk=iphoneos*]" = "iPhone Developer";
				COPY_PHASE_STRIP = NO;
				DEBUG_INFORMATION_FORMAT = "dwarf-with-dsym";
				ENABLE_NS_ASSERTIONS = NO;
				ENABLE_STRICT_OBJC_MSGSEND = YES;
				GCC_C_LANGUAGE_STANDARD = gnu99;
				GCC_NO_COMMON_BLOCKS = YES;
				GCC_WARN_64_TO_32_BIT_CONVERSION = YES;
				GCC_WARN_ABOUT_RETURN_TYPE = YES_ERROR;
				GCC_WARN_UNDECLARED_SELECTOR = YES;
				GCC_WARN_UNINITIALIZED_AUTOS = YES_AGGRESSIVE;
				GCC_WARN_UNUSED_FUNCTION = YES;
				GCC_WARN_UNUSED_VARIABLE = YES;
				IPHONEOS_DEPLOYMENT_TARGET = 10.1;
				MTL_ENABLE_DEBUG_INFO = NO;
				SDKROOT = iphoneos;
				SWIFT_OPTIMIZATION_LEVEL = "-Owholemodule";
				TARGETED_DEVICE_FAMILY = "1,2";
				VALIDATE_PRODUCT = YES;
			};
			name = Release;
		};
		7D3496561DA97A360065DC45 /* Debug */ = {
			isa = XCBuildConfiguration;
			baseConfigurationReference = B667F99950D4BDEA079BB29B /* Pods-FireLister.debug.xcconfig */;
			buildSettings = {
				ASSETCATALOG_COMPILER_APPICON_NAME = AppIcon;
				BUNDLE_LOADER = "";
				CLANG_ALLOW_NON_MODULAR_INCLUDES_IN_FRAMEWORK_MODULES = NO;
				CLANG_ENABLE_MODULES = YES;
				DEVELOPMENT_TEAM = LVQAV2S2JC;
				FRAMEWORK_SEARCH_PATHS = (
					"$(inherited)",
					"$(PROJECT_DIR)",
					"$(PROJECT_DIR)/build/Debug-iphoneos",
				);
				GCC_SYMBOLS_PRIVATE_EXTERN = NO;
				HEADER_SEARCH_PATHS = (
					"$(inherited)",
					"${PODS_ROOT}/Firebase/Core/Sources",
					"\"${PODS_ROOT}/Headers/Public\"",
					"\"${PODS_ROOT}/Headers/Public/Firebase\"",
					"\"${PODS_ROOT}/Headers/Public/FirebaseAnalytics\"",
					"\"${PODS_ROOT}/Headers/Public/FirebaseAuth\"",
					"\"${PODS_ROOT}/Headers/Public/FirebaseCore\"",
					"\"${PODS_ROOT}/Headers/Public/FirebaseDatabase\"",
					"\"${PODS_ROOT}/Headers/Public/FirebaseInstanceID\"",
					"\"${PODS_ROOT}/Headers/Public/GoogleInterchangeUtilities\"",
					"\"${PODS_ROOT}/Headers/Public/GoogleNetworkingUtilities\"",
					"\"${PODS_ROOT}/Headers/Public/GoogleSymbolUtilities\"",
					"\"${PODS_ROOT}/Headers/Public/GoogleUtilities\"",
				);
				INFOPLIST_FILE = FireLister/Info.plist;
				LD_RUNPATH_SEARCH_PATHS = "$(inherited) @executable_path/Frameworks";
				PRODUCT_BUNDLE_IDENTIFIER = me.ConnorCrawford.FireLister;
				PRODUCT_NAME = "$(TARGET_NAME)";
				SWIFT_OPTIMIZATION_LEVEL = "-Onone";
				SWIFT_VERSION = 3.0;
			};
			name = Debug;
		};
		7D3496571DA97A360065DC45 /* Release */ = {
			isa = XCBuildConfiguration;
			baseConfigurationReference = 2821B34C9209CCEC6DBE633C /* Pods-FireLister.release.xcconfig */;
			buildSettings = {
				ASSETCATALOG_COMPILER_APPICON_NAME = AppIcon;
				BUNDLE_LOADER = "";
				CLANG_ALLOW_NON_MODULAR_INCLUDES_IN_FRAMEWORK_MODULES = NO;
				CLANG_ENABLE_MODULES = YES;
				DEVELOPMENT_TEAM = LVQAV2S2JC;
				FRAMEWORK_SEARCH_PATHS = (
					"$(inherited)",
					"$(PROJECT_DIR)",
					"$(PROJECT_DIR)/build/Debug-iphoneos",
				);
				GCC_SYMBOLS_PRIVATE_EXTERN = NO;
				HEADER_SEARCH_PATHS = (
					"$(inherited)",
					"${PODS_ROOT}/Firebase/Core/Sources",
					"\"${PODS_ROOT}/Headers/Public\"",
					"\"${PODS_ROOT}/Headers/Public/Firebase\"",
					"\"${PODS_ROOT}/Headers/Public/FirebaseAnalytics\"",
					"\"${PODS_ROOT}/Headers/Public/FirebaseAuth\"",
					"\"${PODS_ROOT}/Headers/Public/FirebaseCore\"",
					"\"${PODS_ROOT}/Headers/Public/FirebaseDatabase\"",
					"\"${PODS_ROOT}/Headers/Public/FirebaseInstanceID\"",
					"\"${PODS_ROOT}/Headers/Public/GoogleInterchangeUtilities\"",
					"\"${PODS_ROOT}/Headers/Public/GoogleNetworkingUtilities\"",
					"\"${PODS_ROOT}/Headers/Public/GoogleSymbolUtilities\"",
					"\"${PODS_ROOT}/Headers/Public/GoogleUtilities\"",
				);
				INFOPLIST_FILE = FireLister/Info.plist;
				LD_RUNPATH_SEARCH_PATHS = "$(inherited) @executable_path/Frameworks";
				PRODUCT_BUNDLE_IDENTIFIER = me.ConnorCrawford.FireLister;
				PRODUCT_NAME = "$(TARGET_NAME)";
				SWIFT_VERSION = 3.0;
			};
			name = Release;
		};
		7D3496591DA97A360065DC45 /* Debug */ = {
			isa = XCBuildConfiguration;
			baseConfigurationReference = A8FEC1F39F31214AE2C309B6 /* Pods-FireListerTests.debug.xcconfig */;
			buildSettings = {
				ALWAYS_EMBED_SWIFT_STANDARD_LIBRARIES = "$(inherited)";
				BUNDLE_LOADER = "$(TEST_HOST)";
				DEVELOPMENT_TEAM = LVQAV2S2JC;
				INFOPLIST_FILE = FireListerTests/Info.plist;
				LD_RUNPATH_SEARCH_PATHS = "$(inherited) @executable_path/Frameworks @loader_path/Frameworks";
				PRODUCT_BUNDLE_IDENTIFIER = me.ConnorCrawford.FireListerTests;
				PRODUCT_NAME = "$(TARGET_NAME)";
				SWIFT_VERSION = 3.0;
				TEST_HOST = "$(BUILT_PRODUCTS_DIR)/FireLister.app/FireLister";
			};
			name = Debug;
		};
		7D34965A1DA97A360065DC45 /* Release */ = {
			isa = XCBuildConfiguration;
			baseConfigurationReference = 3576CDB58E336584643E7DA9 /* Pods-FireListerTests.release.xcconfig */;
			buildSettings = {
				ALWAYS_EMBED_SWIFT_STANDARD_LIBRARIES = "$(inherited)";
				BUNDLE_LOADER = "$(TEST_HOST)";
				DEVELOPMENT_TEAM = LVQAV2S2JC;
				INFOPLIST_FILE = FireListerTests/Info.plist;
				LD_RUNPATH_SEARCH_PATHS = "$(inherited) @executable_path/Frameworks @loader_path/Frameworks";
				PRODUCT_BUNDLE_IDENTIFIER = me.ConnorCrawford.FireListerTests;
				PRODUCT_NAME = "$(TARGET_NAME)";
				SWIFT_VERSION = 3.0;
				TEST_HOST = "$(BUILT_PRODUCTS_DIR)/FireLister.app/FireLister";
			};
			name = Release;
		};
		7D34965C1DA97A360065DC45 /* Debug */ = {
			isa = XCBuildConfiguration;
			baseConfigurationReference = D9BB5D39990CD0F697FEDE63 /* Pods-FireListerUITests.debug.xcconfig */;
			buildSettings = {
				ALWAYS_EMBED_SWIFT_STANDARD_LIBRARIES = "$(inherited)";
				DEVELOPMENT_TEAM = LVQAV2S2JC;
				INFOPLIST_FILE = FireListerUITests/Info.plist;
				LD_RUNPATH_SEARCH_PATHS = "$(inherited) @executable_path/Frameworks @loader_path/Frameworks";
				PRODUCT_BUNDLE_IDENTIFIER = me.ConnorCrawford.FireListerUITests;
				PRODUCT_NAME = "$(TARGET_NAME)";
				SWIFT_VERSION = 3.0;
				TEST_TARGET_NAME = FireLister;
			};
			name = Debug;
		};
		7D34965D1DA97A360065DC45 /* Release */ = {
			isa = XCBuildConfiguration;
			baseConfigurationReference = DBA20F92EB6C8C88E9B98EE3 /* Pods-FireListerUITests.release.xcconfig */;
			buildSettings = {
				ALWAYS_EMBED_SWIFT_STANDARD_LIBRARIES = "$(inherited)";
				DEVELOPMENT_TEAM = LVQAV2S2JC;
				INFOPLIST_FILE = FireListerUITests/Info.plist;
				LD_RUNPATH_SEARCH_PATHS = "$(inherited) @executable_path/Frameworks @loader_path/Frameworks";
				PRODUCT_BUNDLE_IDENTIFIER = me.ConnorCrawford.FireListerUITests;
				PRODUCT_NAME = "$(TARGET_NAME)";
				SWIFT_VERSION = 3.0;
				TEST_TARGET_NAME = FireLister;
			};
			name = Release;
		};
/* End XCBuildConfiguration section */

/* Begin XCConfigurationList section */
		7D3496261DA97A360065DC45 /* Build configuration list for PBXProject "FireLister" */ = {
			isa = XCConfigurationList;
			buildConfigurations = (
				7D3496531DA97A360065DC45 /* Debug */,
				7D3496541DA97A360065DC45 /* Release */,
			);
			defaultConfigurationIsVisible = 0;
			defaultConfigurationName = Release;
		};
		7D3496551DA97A360065DC45 /* Build configuration list for PBXNativeTarget "FireLister" */ = {
			isa = XCConfigurationList;
			buildConfigurations = (
				7D3496561DA97A360065DC45 /* Debug */,
				7D3496571DA97A360065DC45 /* Release */,
			);
			defaultConfigurationIsVisible = 0;
			defaultConfigurationName = Release;
		};
		7D3496581DA97A360065DC45 /* Build configuration list for PBXNativeTarget "FireListerTests" */ = {
			isa = XCConfigurationList;
			buildConfigurations = (
				7D3496591DA97A360065DC45 /* Debug */,
				7D34965A1DA97A360065DC45 /* Release */,
			);
			defaultConfigurationIsVisible = 0;
			defaultConfigurationName = Release;
		};
		7D34965B1DA97A360065DC45 /* Build configuration list for PBXNativeTarget "FireListerUITests" */ = {
			isa = XCConfigurationList;
			buildConfigurations = (
				7D34965C1DA97A360065DC45 /* Debug */,
				7D34965D1DA97A360065DC45 /* Release */,
			);
			defaultConfigurationIsVisible = 0;
			defaultConfigurationName = Release;
		};
/* End XCConfigurationList section */
	};
	rootObject = 7D3496231DA97A360065DC45 /* Project object */;
}
